#MicroXplorer Configuration settings - do not modify
Mcu.Family=STM32F4
ProjectManager.MainLocation=Core/Src
Dma.SDIO_TX.1.MemInc=DMA_MINC_ENABLE
PH0-OSC_IN.Signal=RCC_OSC_IN
USART2.IPParameters=VirtualMode,BaudRate
RCC.CortexFreq_Value=168000000
FATFS._USE_LFN=3
ProjectManager.KeepUserCode=true
PE11.GPIOParameters=GPIO_Speed,PinState,GPIO_Label
Mcu.UserName=STM32F407VGTx
VP_FATFS_VS_SDIO.Mode=SDIO
ADC1.Channel-17\#ChannelRegularConversion=ADC_CHANNEL_8
PE11.GPIO_Label=BLUE
RCC.PLLCLKFreq_Value=168000000
PC10.Signal=SDIO_D2
PC12.Signal=SDIO_CK
RCC.PLLQCLKFreq_Value=48000000
ADC1.Rank-17\#ChannelRegularConversion=1
ProjectManager.functionlistsort=1-MX_GPIO_Init-GPIO-false-HAL-true,2-MX_DMA_Init-DMA-false-HAL-true,3-SystemClock_Config-RCC-false-HAL-false,4-MX_ADC1_Init-ADC1-false-HAL-true,5-MX_I2C1_Init-I2C1-false-HAL-true,6-MX_USART1_UART_Init-USART1-false-HAL-true,7-MX_USART2_UART_Init-USART2-false-HAL-true,8-MX_USART3_UART_Init-USART3-false-HAL-true,9-MX_USART6_UART_Init-USART6-false-HAL-true,10-MX_CRC_Init-CRC-false-HAL-true,11-MX_LWIP_Init-LWIP-false-HAL-false,12-MX_SDIO_SD_Init-SDIO-false-HAL-true,13-MX_FATFS_Init-FATFS-false-HAL-false
PE11.PinState=GPIO_PIN_SET
PD8.Locked=true
RCC.RTCFreq_Value=32000
PD6.Locked=true
PD4.Locked=true
PC5.Mode=RMII
USART1.IPParameters=VirtualMode
PB11.Signal=ETH_TX_EN
PB13.Signal=ETH_TXD1
Dma.SDIO_TX.1.PeriphBurst=DMA_PBURST_INC4
PD9.Mode=Asynchronous
PinOutPanel.RotationAngle=0
Dma.SDIO_RX.0.RequestParameters=Instance,Direction,PeriphInc,MemInc,PeriphDataAlignment,MemDataAlignment,Mode,Priority,FIFOMode,FIFOThreshold,MemBurst,PeriphBurst
RCC.SYSCLKSource=RCC_SYSCLKSOURCE_PLLCLK
ProjectManager.StackSize=0x2000
Dma.SDIO_RX.0.Direction=DMA_PERIPH_TO_MEMORY
VP_FREERTOS_VS_CMSIS_V2.Mode=CMSIS_V2
LWIP.NETMASK_ADDRESS=255.255.255.000
Dma.SDIO_TX.1.Instance=DMA2_Stream6
Dma.SDIO_TX.1.PeriphInc=DMA_PINC_DISABLE
Mcu.IP4=FATFS
Mcu.IP5=FREERTOS
RCC.FCLKCortexFreq_Value=168000000
Mcu.IP2=DMA
NVIC.SVCall_IRQn=true\:0\:0\:false\:false\:false\:false\:false\:false
Mcu.IP3=ETH
Mcu.IP0=ADC1
Mcu.IP1=CRC
Dma.SDIO_TX.1.PeriphDataAlignment=DMA_PDATAALIGN_WORD
Mcu.UserConstants=
VP_FATFS_VS_SDIO.Signal=FATFS_VS_SDIO
LWIP.IPParameters=LWIP_DHCP,IP_ADDRESS,NETMASK_ADDRESS,GATEWAY_ADDRESS,LWIP_TFTP,PBUF_POOL_SIZE
Mcu.ThirdPartyNb=0
RCC.HCLKFreq_Value=168000000
Mcu.IPNb=16
RCC.I2SClocksFreq_Value=192000000
ProjectManager.PreviousToolchain=STM32CubeIDE
PD4.Signal=GPIO_Output
RCC.APB2TimFreq_Value=168000000
PB6.Signal=I2C1_SCL
RCC.VcooutputI2S=192000000
PC7.Signal=USART6_RX
PB6.Mode=I2C
Mcu.Pin6=PC4
Mcu.Pin7=PC5
PD8.Signal=USART3_TX
Mcu.Pin8=PB0
Dma.SDIO_TX.1.RequestParameters=Instance,Direction,PeriphInc,MemInc,PeriphDataAlignment,MemDataAlignment,Mode,Priority,FIFOMode,FIFOThreshold,MemBurst,PeriphBurst
Mcu.Pin9=PB1
Dma.SDIO_TX.1.FIFOMode=DMA_FIFOMODE_ENABLE
FREERTOS.IPParameters=Tasks01,FootprintOK
RCC.AHBFreq_Value=168000000
PH0-OSC_IN.Mode=HSE-External-Oscillator
Mcu.Pin0=PH0-OSC_IN
Mcu.Pin1=PH1-OSC_OUT
PD5.Mode=Asynchronous
NVIC.ETH_IRQn=true\:5\:0\:false\:false\:true\:true\:false\:true
GPIO.groupedBy=Group By Peripherals
Mcu.Pin2=PC1
Mcu.Pin3=PA1
Mcu.Pin4=PA2
Mcu.Pin5=PA7
ProjectManager.ProjectBuild=false
RCC.HSE_VALUE=8000000
NVIC.UsageFault_IRQn=true\:0\:0\:false\:false\:true\:false\:false\:false
NVIC.DebugMonitor_IRQn=true\:0\:0\:false\:false\:true\:false\:false\:false
NVIC.TIM8_TRG_COM_TIM14_IRQn=true\:0\:0\:false\:false\:true\:false\:false\:true
PB3.Mode=Trace_Asynchronous_SW
ADC1.ScanConvMode=ENABLE
Mcu.IP10=SDIO
NVIC.SysTick_IRQn=true\:15\:0\:false\:false\:false\:true\:false\:true
Mcu.IP12=USART1
Mcu.IP11=SYS
Dma.SDIO_TX.1.MemBurst=DMA_MBURST_INC4
ProjectManager.FirmwarePackage=STM32Cube FW_F4 V1.25.2
VP_SYS_VS_tim14.Signal=SYS_VS_tim14
MxDb.Version=DB.6.0.10
Mcu.IP14=USART3
Mcu.IP13=USART2
ProjectManager.BackupPrevious=false
Mcu.IP15=USART6
RCC.VCOInputFreq_Value=2000000
PE9.Signal=GPIO_Output
PA14.Mode=Trace_Asynchronous_SW
PE8.Locked=true
PE9.Locked=true
File.Version=6
SH.ADCx_IN8.0=ADC1_IN8,IN8
PC9.Mode=SD_4_bits_Wide_bus
PB7.Signal=I2C1_SDA
Dma.SDIO_TX.1.Direction=DMA_MEMORY_TO_PERIPH
NVIC.PendSV_IRQn=true\:15\:0\:false\:false\:false\:true\:false\:false
VP_SYS_VS_tim14.Mode=TIM14
Dma.SDIO_RX.0.MemDataAlignment=DMA_MDATAALIGN_WORD
Dma.RequestsNb=2
ProjectManager.HalAssertFull=false
ProjectManager.ProjectName=EthernetTestForSTM32
PH1-OSC_OUT.Mode=HSE-External-Oscillator
RCC.MCO2PinFreq_Value=168000000
Mcu.Package=LQFP100
PB1.Signal=ADCx_IN9
PB12.Mode=RMII
NVIC.TimeBase=TIM8_TRG_COM_TIM14_IRQn
USART2.VirtualMode=VM_ASYNC
USART6.VirtualMode=VM_ASYNC
PA14.Locked=true
ProjectManager.ToolChainLocation=
RCC.LSI_VALUE=32000
NVIC.TimeBaseIP=TIM14
USART3.IPParameters=VirtualMode
PA10.Signal=USART1_RX
FREERTOS.FootprintOK=true
PE12.GPIO_Label=RED
ADC1.SamplingTime-17\#ChannelRegularConversion=ADC_SAMPLETIME_480CYCLES
PC11.Mode=SD_4_bits_Wide_bus
SH.ADCx_IN9.0=ADC1_IN9,IN9
Dma.SDIO_TX.1.FIFOThreshold=DMA_FIFO_THRESHOLD_FULL
Dma.SDIO_TX.1.Priority=DMA_PRIORITY_LOW
RCC.APB2CLKDivider=RCC_HCLK_DIV2
Dma.Request1=SDIO_TX
RCC.APB1TimFreq_Value=84000000
NVIC.BusFault_IRQn=true\:0\:0\:false\:false\:true\:false\:false\:false
PC5.Signal=ETH_RXD1
SH.ADCx_IN9.ConfNb=1
Dma.SDIO_RX.0.MemBurst=DMA_MBURST_INC4
PB13.Mode=RMII
Dma.SDIO_RX.0.Instance=DMA2_Stream3
PE7.Signal=GPIO_Input
PD6.Signal=USART2_RX
Dma.Request0=SDIO_RX
LWIP.PBUF_POOL_SIZE=32
PE12.Locked=true
ProjectManager.CustomerFirmwarePackage=
PC4.Mode=RMII
VP_LWIP_VS_Enabled.Signal=LWIP_VS_Enabled
Dma.SDIO_RX.0.FIFOMode=DMA_FIFOMODE_ENABLE
LWIP.IP_ADDRESS=192.168.111.020
Dma.SDIO_RX.0.Mode=DMA_PFCTRL
Dma.SDIO_RX.0.Priority=DMA_PRIORITY_LOW
ProjectManager.ProjectFileName=EthernetTestForSTM32.ioc
PE8.GPIOParameters=GPIO_Label
FREERTOS.Tasks01=EthernetTask,24,2048,StartEthernetTask,Default,NULL,Dynamic,NULL,NULL
PA7.Mode=RMII
ETH.PHY_User_Name=LAN8720
PA10.Mode=Asynchronous
Mcu.PinsNb=43
ProjectManager.NoMain=false
PE11.GPIO_Speed=GPIO_SPEED_FREQ_LOW
ADC1.IPParameters=Rank-17\#ChannelRegularConversion,master,Channel-17\#ChannelRegularConversion,SamplingTime-17\#ChannelRegularConversion,NbrOfConversionFlag,ScanConvMode,DiscontinuousConvMode,Rank-18\#ChannelRegularConversion,Channel-18\#ChannelRegularConversion,SamplingTime-18\#ChannelRegularConversion,NbrOfConversion
USART6.IPParameters=VirtualMode
NVIC.SavedSvcallIrqHandlerGenerated=true
PC11.Signal=SDIO_D3
ADC1.Rank-18\#ChannelRegularConversion=2
PC8.Signal=SDIO_D0
Dma.SDIO_RX.0.PeriphInc=DMA_PINC_DISABLE
PC4.Signal=ETH_RXD0
PC6.Signal=USART6_TX
PC10.Mode=SD_4_bits_Wide_bus
ADC1.DiscontinuousConvMode=ENABLE
ETH.MACAddr=00\:80\:E1\:00\:00\:0D
ProjectManager.DefaultFWLocation=true
PD9.Signal=USART3_RX
PD5.Signal=USART2_TX
LWIP.LWIP_DHCP=0
ProjectManager.DeletePrevious=true
RCC.APB1CLKDivider=RCC_HCLK_DIV4
PD6.Mode=Asynchronous
ETH.PhyAddress=0
NVIC.USART2_IRQn=true\:5\:0\:false\:false\:true\:true\:true\:true
USART2.BaudRate=921600
NVIC.SDIO_IRQn=true\:5\:0\:false\:false\:true\:true\:true\:true
RCC.FamilyName=M
VP_LWIP_VS_Enabled.Mode=Enabled
LWIP.GATEWAY_ADDRESS=192.168.111.001
PE9.GPIOParameters=GPIO_Label
ETH.IPParameters=MediaInterface,PHY_Name_RMII,MACAddr,PHY_User_Name,PhyAddress,PHY_SR
FATFS.IPParameters=_USE_LFN
PA13.Signal=SYS_JTMS-SWDIO
PD4.PinState=GPIO_PIN_SET
PA9.Mode=Asynchronous
Dma.SDIO_TX.1.MemDataAlignment=DMA_MDATAALIGN_WORD
Dma.SDIO_RX.0.MemInc=DMA_MINC_ENABLE
ETH.PHY_Name_RMII=userPHY
PB11.Mode=RMII
Dma.SDIO_RX.0.FIFOThreshold=DMA_FIFO_THRESHOLD_FULL
ProjectManager.TargetToolchain=STM32CubeIDE
PE7.GPIOParameters=GPIO_Label
VP_CRC_VS_CRC.Signal=CRC_VS_CRC
PC6.Mode=Asynchronous
ADC1.Channel-18\#ChannelRegularConversion=ADC_CHANNEL_9
PE8.GPIO_Label=CHG
PA9.Signal=USART1_TX
ProjectManager.RegisterCallBack=
NVIC.DMA2_Stream3_IRQn=true\:6\:0\:true\:false\:true\:true\:false\:true
NVIC.DMA2_Stream6_IRQn=true\:6\:0\:true\:false\:true\:true\:false\:true
PE11.Signal=GPIO_Output
RCC.LSE_VALUE=32768
PE9.GPIO_Label=CE
PD8.Mode=Asynchronous
PA1.Signal=ETH_REF_CLK
Dma.SDIO_RX.0.PeriphDataAlignment=DMA_PDATAALIGN_WORD
RCC.VCOI2SOutputFreq_Value=384000000
PD2.Mode=SD_4_bits_Wide_bus
Mcu.Pin40=VP_FREERTOS_VS_CMSIS_V2
Mcu.Pin41=VP_LWIP_VS_Enabled
PC12.Mode=SD_4_bits_Wide_bus
Mcu.Pin42=VP_SYS_VS_tim14
board=custom
RCC.VCOOutputFreq_Value=336000000
ProjectManager.LastFirmware=true
ETH.PHY_SR=31
LWIP.LWIP_TFTP=1
NVIC.SavedSystickIrqHandlerGenerated=true
RCC.APB2Freq_Value=84000000
PA1.Mode=RMII
MxCube.Version=6.1.1
Mcu.Pin37=PB7
Mcu.Pin38=VP_CRC_VS_CRC
Mcu.Pin35=PB3
PE8.Signal=GPIO_Input
Mcu.Pin36=PB6
PD4.GPIO_Label=GPS_RST
Mcu.Pin39=VP_FATFS_VS_SDIO
Mcu.Pin30=PC12
PD4.GPIOParameters=PinState,GPIO_Label
RCC.EthernetFreq_Value=168000000
Mcu.Pin33=PD5
PH1-OSC_OUT.Signal=RCC_OSC_OUT
Mcu.Pin34=PD6
Mcu.Pin31=PD2
Mcu.Pin32=PD4
NVIC.NonMaskableInt_IRQn=true\:0\:0\:false\:false\:true\:false\:false\:false
Dma.SDIO_TX.1.Mode=DMA_PFCTRL
SH.ADCx_IN8.ConfNb=1
PE7.Locked=true
ADC1.NbrOfConversion=2
PA13.Mode=Trace_Asynchronous_SW
ProjectManager.FreePins=false
RCC.IPParameters=48MHZClocksFreq_Value,AHBFreq_Value,APB1CLKDivider,APB1Freq_Value,APB1TimFreq_Value,APB2CLKDivider,APB2Freq_Value,APB2TimFreq_Value,CortexFreq_Value,EthernetFreq_Value,FCLKCortexFreq_Value,FamilyName,HCLKFreq_Value,HSE_VALUE,HSI_VALUE,I2SClocksFreq_Value,LSE_VALUE,LSI_VALUE,MCO2PinFreq_Value,PLLCLKFreq_Value,PLLM,PLLN,PLLQ,PLLQCLKFreq_Value,RTCFreq_Value,RTCHSEDivFreq_Value,SYSCLKFreq_VALUE,SYSCLKSource,VCOI2SOutputFreq_Value,VCOInputFreq_Value,VCOOutputFreq_Value,VcooutputI2S
PE11.Locked=true
ProjectManager.AskForMigrate=true
Mcu.Name=STM32F407V(E-G)Tx
PE7.GPIO_Label=PGOOD
PE12.Signal=GPIO_Output
Mcu.Pin26=PA13
Mcu.Pin27=PA14
NVIC.SavedPendsvIrqHandlerGenerated=true
RCC.RTCHSEDivFreq_Value=4000000
PA2.Signal=ETH_MDIO
Mcu.Pin24=PA9
ProjectManager.UnderRoot=true
PE12.PinState=GPIO_PIN_SET
Mcu.Pin25=PA10
Mcu.IP8=NVIC
VP_FREERTOS_VS_CMSIS_V2.Signal=FREERTOS_VS_CMSIS_V2
Mcu.IP9=RCC
Mcu.Pin28=PC10
Mcu.IP6=I2C1
PC8.Mode=SD_4_bits_Wide_bus
Mcu.Pin29=PC11
Mcu.IP7=LWIP
ProjectManager.CoupleFile=true
RCC.48MHZClocksFreq_Value=48000000
PB3.Signal=SYS_JTDO-SWO
RCC.SYSCLKFreq_VALUE=168000000
Mcu.Pin22=PC8
ETH.MediaInterface=ETH_MEDIA_INTERFACE_RMII
Mcu.Pin23=PC9
Mcu.Pin20=PC6
ADC1.master=1
Mcu.Pin21=PC7
NVIC.ForceEnableDMAVector=true
KeepUserPlacement=false
USART3.VirtualMode=VM_ASYNC
NVIC.MemoryManagement_IRQn=true\:0\:0\:false\:false\:true\:false\:false\:false
PA13.Locked=true
USART1.VirtualMode=VM_ASYNC
ProjectManager.CompilerOptimize=6
PB7.Mode=I2C
PA14.Signal=SYS_JTCK-SWCLK
ProjectManager.HeapSize=0x3000
Mcu.Pin15=PB11
NVIC.HardFault_IRQn=true\:0\:0\:false\:false\:true\:false\:false\:false
Mcu.Pin16=PB12
LWIP.Version=v2.1.2_Cube
Mcu.Pin13=PE11
Mcu.Pin14=PE12
Mcu.Pin19=PD9
ProjectManager.ComputerToolchain=false
Mcu.Pin17=PB13
RCC.HSI_VALUE=16000000
Mcu.Pin18=PD8
RCC.PLLQ=7
NVIC.PriorityGroup=NVIC_PRIORITYGROUP_4
ADC1.NbrOfConversionFlag=1
Mcu.Pin11=PE8
Mcu.Pin12=PE9
RCC.PLLM=8
RCC.PLLN=168
Mcu.Pin10=PE7
Dma.SDIO_RX.0.PeriphBurst=DMA_PBURST_INC4
PA2.Mode=RMII
PC9.Signal=SDIO_D1
PE12.GPIOParameters=PinState,GPIO_Label
PC7.Mode=Asynchronous
PD2.Signal=SDIO_CMD
RCC.APB1Freq_Value=42000000
VP_CRC_VS_CRC.Mode=CRC_Activate
PB0.Signal=ADCx_IN8
ADC1.SamplingTime-18\#ChannelRegularConversion=ADC_SAMPLETIME_480CYCLES
ProjectManager.DeviceId=STM32F407VGTx
PC1.Signal=ETH_MDC
PB12.Signal=ETH_TXD0
ProjectManager.LibraryCopy=1
PC1.Mode=RMII
PA7.Signal=ETH_CRS_DV
